# This file is automatically @generated by Cargo.
# It is not intended for manual editing.
version = 4

[[package]]
name = "kernel-crypt"
version = "0.1.0"

[[package]]
name = "kernel-egress"
version = "0.1.0"

[[package]]
name = "kernel-instant"
version = "0.1.0"

[[package]]
name = "kernel-key"
version = "0.1.0"

[[package]]
name = "kernel-kit"
version = "0.1.0"

[[package]]
name = "kernel-lane"
version = "0.1.0"

[[package]]
name = "kernel-orchestrator"
version = "0.1.0"
dependencies = [
 "kernel-crypt",
 "kernel-egress",
 "kernel-instant",
 "kernel-key",
 "kernel-kit",
 "kernel-lane",
 "kernel-sense",
 "kernel-taint",
]

[[package]]
name = "kernel-sense"
version = "0.1.0"

[[package]]
name = "kernel-taint"
version = "0.1.0"

[[package]]
name = "runner"
version = "0.1.0"
dependencies = [
 "kernel-crypt",
 "kernel-egress",
 "kernel-instant",
 "kernel-key",
 "kernel-kit",
 "kernel-lane",
 "kernel-orchestrator",
 "kernel-sense",
 "kernel-taint",
]
