# This file is automatically @generated by Cargo.
# It is not intended for manual editing.
version = 4

[[package]]
name = "kernel-instant"
version = "0.1.0"

[[package]]
name = "kernel-key"
version = "0.1.0"

[[package]]
name = "kernel-kit"
version = "0.1.0"

[[package]]
name = "kernel-orchestrator"
version = "0.1.0"
dependencies = [
 "kernel-instant",
 "kernel-key",
 "kernel-kit",
 "kernel-sense",
]

[[package]]
name = "kernel-sense"
version = "0.1.0"

[[package]]
name = "runner"
version = "0.1.0"
dependencies = [
 "kernel-instant",
 "kernel-key",
 "kernel-kit",
 "kernel-orchestrator",
 "kernel-sense",
]
